
Microsoft Visual Studio Solution File, Format Version 11.00
# Visual Studio 2010
Project("{FAE04EC0-301F-11D3-BF4B-00C04F79EFBC}") = "Blazey.Micro", "Blazey.Micro\Blazey.Micro.csproj", "{96375D8C-B1ED-4099-9AAA-3FC77375B5BD}"
EndProject
Project("{FAE04EC0-301F-11D3-BF4B-00C04F79EFBC}") = "Blazey.Micro.Tests", "Blazey.Micro.Tests\Blazey.Micro.Tests.csproj", "{F1C3E5DE-9733-43DE-BF34-971C15347980}"
EndProject
Project("{2150E333-8FDC-42A3-9474-1A3956D46DE8}") = "Solution Items", "Solution Items", "{56750926-1AAD-43E4-AEF8-CEC660722D13}"
	ProjectSection(SolutionItems) = preProject
		README.md = README.md
	EndProjectSection
EndProject
Global
	GlobalSection(SolutionConfigurationPlatforms) = preSolution
		Debug|Any CPU = Debug|Any CPU
		Release|Any CPU = Release|Any CPU
	EndGlobalSection
	GlobalSection(ProjectConfigurationPlatforms) = postSolution
		{96375D8C-B1ED-4099-9AAA-3FC77375B5BD}.Debug|Any CPU.ActiveCfg = Debug|Any CPU
		{96375D8C-B1ED-4099-9AAA-3FC77375B5BD}.Debug|Any CPU.Build.0 = Debug|Any CPU
		{96375D8C-B1ED-4099-9AAA-3FC77375B5BD}.Release|Any CPU.ActiveCfg = Release|Any CPU
		{96375D8C-B1ED-4099-9AAA-3FC77375B5BD}.Release|Any CPU.Build.0 = Release|Any CPU
		{F1C3E5DE-9733-43DE-BF34-971C15347980}.Debug|Any CPU.ActiveCfg = Debug|Any CPU
		{F1C3E5DE-9733-43DE-BF34-971C15347980}.Debug|Any CPU.Build.0 = Debug|Any CPU
		{F1C3E5DE-9733-43DE-BF34-971C15347980}.Release|Any CPU.ActiveCfg = Release|Any CPU
		{F1C3E5DE-9733-43DE-BF34-971C15347980}.Release|Any CPU.Build.0 = Release|Any CPU
	EndGlobalSection
	GlobalSection(NestedProjects) = preSolution
	EndGlobalSection
	GlobalSection(MonoDevelopProperties) = preSolution
		StartupItem = Blazey.Micro\Blazey.Micro.csproj
	EndGlobalSection
EndGlobal
